
Microsoft Visual Studio Solution File, Format Version 12.00
# Visual Studio Version 17
VisualStudioVersion = 17.14.36518.9
MinimumVisualStudioVersion = 10.0.40219.1
Project("{2150E333-8FDC-42A3-9474-1A3956D46DE8}") = "src", "src", "{02EA681E-C7D8-13C7-8484-4AC65E1B71E8}"
EndProject
Project("{2150E333-8FDC-42A3-9474-1A3956D46DE8}") = "Tests", "Tests", "{BF816DEC-249A-4FDD-A258-C7E4530EDA4F}"
EndProject
Project("{FAE04EC0-301F-11D3-BF4B-00C04F79EFBC}") = "API", "API\API.csproj", "{B812458C-6601-4E54-9E70-8856DE4528AD}"
EndProject
Project("{FAE04EC0-301F-11D3-BF4B-00C04F79EFBC}") = "Domain", "Domain\Domain.csproj", "{FFFBA2C7-863A-417B-A927-6D877909DF61}"
EndProject
Project("{FAE04EC0-301F-11D3-BF4B-00C04F79EFBC}") = "Application", "Application\Application.csproj", "{4DF78B68-BE60-4CA5-ADC6-272A6E401611}"
EndProject
Project("{FAE04EC0-301F-11D3-BF4B-00C04F79EFBC}") = "Infrastructure", "Infrastructure\Infrastructure.csproj", "{666C3F85-A22C-4976-83BD-C8344C93C2DB}"
EndProject
Project("{FAE04EC0-301F-11D3-BF4B-00C04F79EFBC}") = "Persistence", "Persistence\Persistence.csproj", "{31A624D6-BA18-46C6-9A0C-52BEC227C405}"
EndProject
Project("{FAE04EC0-301F-11D3-BF4B-00C04F79EFBC}") = "Worker", "Worker\Worker.csproj", "{CCAAD5A4-2C15-4E2D-9C07-926DB6EE4B30}"
EndProject
Project("{FAE04EC0-301F-11D3-BF4B-00C04F79EFBC}") = "Contracts", "Contracts\Contracts.csproj", "{AE528B4F-FB94-4144-8A88-C2AB21A034C0}"
EndProject
Project("{FAE04EC0-301F-11D3-BF4B-00C04F79EFBC}") = "UnitTests", "UnitTests\UnitTests.csproj", "{2638FEBA-F00C-408B-BCAC-162CB79F34F7}"
EndProject
Project("{FAE04EC0-301F-11D3-BF4B-00C04F79EFBC}") = "IntegrationTests", "IntegrationTests\IntegrationTests.csproj", "{3FEB75E1-E982-45D9-B775-78C1B2D03467}"
EndProject
Project("{2150E333-8FDC-42A3-9474-1A3956D46DE8}") = "Solution Items", "Solution Items", "{8EC462FD-D22E-90A8-E5CE-7E832BA40C5D}"
	ProjectSection(SolutionItems) = preProject
		docker-compose.yml = docker-compose.yml
	EndProjectSection
EndProject
Global
	GlobalSection(SolutionConfigurationPlatforms) = preSolution
		Debug|Any CPU = Debug|Any CPU
		Release|Any CPU = Release|Any CPU
	EndGlobalSection
	GlobalSection(ProjectConfigurationPlatforms) = postSolution
		{B812458C-6601-4E54-9E70-8856DE4528AD}.Debug|Any CPU.ActiveCfg = Debug|Any CPU
		{B812458C-6601-4E54-9E70-8856DE4528AD}.Debug|Any CPU.Build.0 = Debug|Any CPU
		{B812458C-6601-4E54-9E70-8856DE4528AD}.Release|Any CPU.ActiveCfg = Release|Any CPU
		{B812458C-6601-4E54-9E70-8856DE4528AD}.Release|Any CPU.Build.0 = Release|Any CPU
		{FFFBA2C7-863A-417B-A927-6D877909DF61}.Debug|Any CPU.ActiveCfg = Debug|Any CPU
		{FFFBA2C7-863A-417B-A927-6D877909DF61}.Debug|Any CPU.Build.0 = Debug|Any CPU
		{FFFBA2C7-863A-417B-A927-6D877909DF61}.Release|Any CPU.ActiveCfg = Release|Any CPU
		{FFFBA2C7-863A-417B-A927-6D877909DF61}.Release|Any CPU.Build.0 = Release|Any CPU
		{4DF78B68-BE60-4CA5-ADC6-272A6E401611}.Debug|Any CPU.ActiveCfg = Debug|Any CPU
		{4DF78B68-BE60-4CA5-ADC6-272A6E401611}.Debug|Any CPU.Build.0 = Debug|Any CPU
		{4DF78B68-BE60-4CA5-ADC6-272A6E401611}.Release|Any CPU.ActiveCfg = Release|Any CPU
		{4DF78B68-BE60-4CA5-ADC6-272A6E401611}.Release|Any CPU.Build.0 = Release|Any CPU
		{666C3F85-A22C-4976-83BD-C8344C93C2DB}.Debug|Any CPU.ActiveCfg = Debug|Any CPU
		{666C3F85-A22C-4976-83BD-C8344C93C2DB}.Debug|Any CPU.Build.0 = Debug|Any CPU
		{666C3F85-A22C-4976-83BD-C8344C93C2DB}.Release|Any CPU.ActiveCfg = Release|Any CPU
		{666C3F85-A22C-4976-83BD-C8344C93C2DB}.Release|Any CPU.Build.0 = Release|Any CPU
		{31A624D6-BA18-46C6-9A0C-52BEC227C405}.Debug|Any CPU.ActiveCfg = Debug|Any CPU
		{31A624D6-BA18-46C6-9A0C-52BEC227C405}.Debug|Any CPU.Build.0 = Debug|Any CPU
		{31A624D6-BA18-46C6-9A0C-52BEC227C405}.Release|Any CPU.ActiveCfg = Release|Any CPU
		{31A624D6-BA18-46C6-9A0C-52BEC227C405}.Release|Any CPU.Build.0 = Release|Any CPU
		{CCAAD5A4-2C15-4E2D-9C07-926DB6EE4B30}.Debug|Any CPU.ActiveCfg = Debug|Any CPU
		{CCAAD5A4-2C15-4E2D-9C07-926DB6EE4B30}.Debug|Any CPU.Build.0 = Debug|Any CPU
		{CCAAD5A4-2C15-4E2D-9C07-926DB6EE4B30}.Release|Any CPU.ActiveCfg = Release|Any CPU
		{CCAAD5A4-2C15-4E2D-9C07-926DB6EE4B30}.Release|Any CPU.Build.0 = Release|Any CPU
		{AE528B4F-FB94-4144-8A88-C2AB21A034C0}.Debug|Any CPU.ActiveCfg = Debug|Any CPU
		{AE528B4F-FB94-4144-8A88-C2AB21A034C0}.Debug|Any CPU.Build.0 = Debug|Any CPU
		{AE528B4F-FB94-4144-8A88-C2AB21A034C0}.Release|Any CPU.ActiveCfg = Release|Any CPU
		{AE528B4F-FB94-4144-8A88-C2AB21A034C0}.Release|Any CPU.Build.0 = Release|Any CPU
		{2638FEBA-F00C-408B-BCAC-162CB79F34F7}.Debug|Any CPU.ActiveCfg = Debug|Any CPU
		{2638FEBA-F00C-408B-BCAC-162CB79F34F7}.Debug|Any CPU.Build.0 = Debug|Any CPU
		{2638FEBA-F00C-408B-BCAC-162CB79F34F7}.Release|Any CPU.ActiveCfg = Release|Any CPU
		{2638FEBA-F00C-408B-BCAC-162CB79F34F7}.Release|Any CPU.Build.0 = Release|Any CPU
		{3FEB75E1-E982-45D9-B775-78C1B2D03467}.Debug|Any CPU.ActiveCfg = Debug|Any CPU
		{3FEB75E1-E982-45D9-B775-78C1B2D03467}.Debug|Any CPU.Build.0 = Debug|Any CPU
		{3FEB75E1-E982-45D9-B775-78C1B2D03467}.Release|Any CPU.ActiveCfg = Release|Any CPU
		{3FEB75E1-E982-45D9-B775-78C1B2D03467}.Release|Any CPU.Build.0 = Release|Any CPU
	EndGlobalSection
	GlobalSection(SolutionProperties) = preSolution
		HideSolutionNode = FALSE
	EndGlobalSection
	GlobalSection(NestedProjects) = preSolution
		{B812458C-6601-4E54-9E70-8856DE4528AD} = {02EA681E-C7D8-13C7-8484-4AC65E1B71E8}
		{FFFBA2C7-863A-417B-A927-6D877909DF61} = {02EA681E-C7D8-13C7-8484-4AC65E1B71E8}
		{4DF78B68-BE60-4CA5-ADC6-272A6E401611} = {02EA681E-C7D8-13C7-8484-4AC65E1B71E8}
		{666C3F85-A22C-4976-83BD-C8344C93C2DB} = {02EA681E-C7D8-13C7-8484-4AC65E1B71E8}
		{31A624D6-BA18-46C6-9A0C-52BEC227C405} = {02EA681E-C7D8-13C7-8484-4AC65E1B71E8}
		{CCAAD5A4-2C15-4E2D-9C07-926DB6EE4B30} = {02EA681E-C7D8-13C7-8484-4AC65E1B71E8}
		{AE528B4F-FB94-4144-8A88-C2AB21A034C0} = {02EA681E-C7D8-13C7-8484-4AC65E1B71E8}
		{2638FEBA-F00C-408B-BCAC-162CB79F34F7} = {BF816DEC-249A-4FDD-A258-C7E4530EDA4F}
		{3FEB75E1-E982-45D9-B775-78C1B2D03467} = {BF816DEC-249A-4FDD-A258-C7E4530EDA4F}
	EndGlobalSection
	GlobalSection(ExtensibilityGlobals) = postSolution
		SolutionGuid = {E111337C-596D-4D1F-B8A9-CAD4806DB93F}
	EndGlobalSection
EndGlobal
